// !$*UTF8*$!
{
	archiveVersion = 1;
	classes = {
	};
	objectVersion = 50;
	objects = {

/* Begin PBXBuildFile section */
		74FF4A4621EB40A80037B8BD /* AppDelegate.swift in Sources */ = {isa = PBXBuildFile; fileRef = 74FF4A4521EB40A80037B8BD /* AppDelegate.swift */; };
		74FF4A4821EB40A80037B8BD /* ViewController.swift in Sources */ = {isa = PBXBuildFile; fileRef = 74FF4A4721EB40A80037B8BD /* ViewController.swift */; };
		74FF4A4B21EB40A80037B8BD /* Main.storyboard in Resources */ = {isa = PBXBuildFile; fileRef = 74FF4A4921EB40A80037B8BD /* Main.storyboard */; };
		74FF4A4D21EB40AA0037B8BD /* Assets.xcassets in Resources */ = {isa = PBXBuildFile; fileRef = 74FF4A4C21EB40AA0037B8BD /* Assets.xcassets */; };
		74FF4A5021EB40AA0037B8BD /* LaunchScreen.storyboard in Resources */ = {isa = PBXBuildFile; fileRef = 74FF4A4E21EB40AA0037B8BD /* LaunchScreen.storyboard */; };
		74FF4A5B21EB40AA0037B8BD /* ProtocolCompositionTests.swift in Sources */ = {isa = PBXBuildFile; fileRef = 74FF4A5A21EB40AA0037B8BD /* ProtocolCompositionTests.swift */; };
/* End PBXBuildFile section */

/* Begin PBXContainerItemProxy section */
		74FF4A5721EB40AA0037B8BD /* PBXContainerItemProxy */ = {
			isa = PBXContainerItemProxy;
			containerPortal = 74FF4A3A21EB40A80037B8BD /* Project object */;
			proxyType = 1;
			remoteGlobalIDString = 74FF4A4121EB40A80037B8BD;
			remoteInfo = ProtocolComposition;
		};
/* End PBXContainerItemProxy section */

/* Begin PBXFileReference section */
		74FF4A4221EB40A80037B8BD /* ProtocolComposition.app */ = {isa = PBXFileReference; explicitFileType = wrapper.application; includeInIndex = 0; path = ProtocolComposition.app; sourceTree = BUILT_PRODUCTS_DIR; };
		74FF4A4521EB40A80037B8BD /* AppDelegate.swift */ = {isa = PBXFileReference; lastKnownFileType = sourcecode.swift; path = AppDelegate.swift; sourceTree = "<group>"; };
		74FF4A4721EB40A80037B8BD /* ViewController.swift */ = {isa = PBXFileReference; lastKnownFileType = sourcecode.swift; path = ViewController.swift; sourceTree = "<group>"; };
		74FF4A4A21EB40A80037B8BD /* Base */ = {isa = PBXFileReference; lastKnownFileType = file.storyboard; name = Base; path = Base.lproj/Main.storyboard; sourceTree = "<group>"; };
		74FF4A4C21EB40AA0037B8BD /* Assets.xcassets */ = {isa = PBXFileReference; lastKnownFileType = folder.assetcatalog; path = Assets.xcassets; sourceTree = "<group>"; };
		74FF4A4F21EB40AA0037B8BD /* Base */ = {isa = PBXFileReference; lastKnownFileType = file.storyboard; name = Base; path = Base.lproj/LaunchScreen.storyboard; sourceTree = "<group>"; };
		74FF4A5121EB40AA0037B8BD /* Info.plist */ = {isa = PBXFileReference; lastKnownFileType = text.plist.xml; path = Info.plist; sourceTree = "<group>"; };
		74FF4A5621EB40AA0037B8BD /* ProtocolCompositionTests.xctest */ = {isa = PBXFileReference; explicitFileType = wrapper.cfbundle; includeInIndex = 0; path = ProtocolCompositionTests.xctest; sourceTree = BUILT_PRODUCTS_DIR; };
		74FF4A5A21EB40AA0037B8BD /* ProtocolCompositionTests.swift */ = {isa = PBXFileReference; lastKnownFileType = sourcecode.swift; path = ProtocolCompositionTests.swift; sourceTree = "<group>"; };
		74FF4A5C21EB40AA0037B8BD /* Info.plist */ = {isa = PBXFileReference; lastKnownFileType = text.plist.xml; path = Info.plist; sourceTree = "<group>"; };
/* End PBXFileReference section */

/* Begin PBXFrameworksBuildPhase section */
		74FF4A3F21EB40A80037B8BD /* Frameworks */ = {
			isa = PBXFrameworksBuildPhase;
			buildActionMask = 2147483647;
			files = (
			);
			runOnlyForDeploymentPostprocessing = 0;
		};
		74FF4A5321EB40AA0037B8BD /* Frameworks */ = {
			isa = PBXFrameworksBuildPhase;
			buildActionMask = 2147483647;
			files = (
			);
			runOnlyForDeploymentPostprocessing = 0;
		};
/* End PBXFrameworksBuildPhase section */

/* Begin PBXGroup section */
		74FF4A3921EB40A80037B8BD = {
			isa = PBXGroup;
			children = (
				74FF4A4421EB40A80037B8BD /* ProtocolComposition */,
				74FF4A5921EB40AA0037B8BD /* ProtocolCompositionTests */,
				74FF4A4321EB40A80037B8BD /* Products */,
			);
			sourceTree = "<group>";
		};
		74FF4A4321EB40A80037B8BD /* Products */ = {
			isa = PBXGroup;
			children = (
				74FF4A4221EB40A80037B8BD /* ProtocolComposition.app */,
				74FF4A5621EB40AA0037B8BD /* ProtocolCompositionTests.xctest */,
			);
			name = Products;
			sourceTree = "<group>";
		};
		74FF4A4421EB40A80037B8BD /* ProtocolComposition */ = {
			isa = PBXGroup;
			children = (
				74FF4A4521EB40A80037B8BD /* AppDelegate.swift */,
				74FF4A4721EB40A80037B8BD /* ViewController.swift */,
				74FF4A4921EB40A80037B8BD /* Main.storyboard */,
				74FF4A4C21EB40AA0037B8BD /* Assets.xcassets */,
				74FF4A4E21EB40AA0037B8BD /* LaunchScreen.storyboard */,
				74FF4A5121EB40AA0037B8BD /* Info.plist */,
			);
			path = ProtocolComposition;
			sourceTree = "<group>";
		};
		74FF4A5921EB40AA0037B8BD /* ProtocolCompositionTests */ = {
			isa = PBXGroup;
			children = (
				74FF4A5A21EB40AA0037B8BD /* ProtocolCompositionTests.swift */,
				74FF4A5C21EB40AA0037B8BD /* Info.plist */,
			);
			path = ProtocolCompositionTests;
			sourceTree = "<group>";
		};
/* End PBXGroup section */

/* Begin PBXNativeTarget section */
		74FF4A4121EB40A80037B8BD /* ProtocolComposition */ = {
			isa = PBXNativeTarget;
			buildConfigurationList = 74FF4A5F21EB40AA0037B8BD /* Build configuration list for PBXNativeTarget "ProtocolComposition" */;
			buildPhases = (
				74FF4A3E21EB40A80037B8BD /* Sources */,
				74FF4A3F21EB40A80037B8BD /* Frameworks */,
				74FF4A4021EB40A80037B8BD /* Resources */,
			);
			buildRules = (
			);
			dependencies = (
			);
			name = ProtocolComposition;
			productName = ProtocolComposition;
			productReference = 74FF4A4221EB40A80037B8BD /* ProtocolComposition.app */;
			productType = "com.apple.product-type.application";
		};
		74FF4A5521EB40AA0037B8BD /* ProtocolCompositionTests */ = {
			isa = PBXNativeTarget;
			buildConfigurationList = 74FF4A6221EB40AA0037B8BD /* Build configuration list for PBXNativeTarget "ProtocolCompositionTests" */;
			buildPhases = (
				74FF4A5221EB40AA0037B8BD /* Sources */,
				74FF4A5321EB40AA0037B8BD /* Frameworks */,
				74FF4A5421EB40AA0037B8BD /* Resources */,
			);
			buildRules = (
			);
			dependencies = (
				74FF4A5821EB40AA0037B8BD /* PBXTargetDependency */,
			);
			name = ProtocolCompositionTests;
			productName = ProtocolCompositionTests;
			productReference = 74FF4A5621EB40AA0037B8BD /* ProtocolCompositionTests.xctest */;
			productType = "com.apple.product-type.bundle.unit-test";
		};
/* End PBXNativeTarget section */

/* Begin PBXProject section */
		74FF4A3A21EB40A80037B8BD /* Project object */ = {
			isa = PBXProject;
			attributes = {
				LastSwiftUpdateCheck = 1010;
				LastUpgradeCheck = 1010;
				ORGANIZATIONNAME = "Milos Dimic";
				TargetAttributes = {
					74FF4A4121EB40A80037B8BD = {
						CreatedOnToolsVersion = 10.1;
					};
					74FF4A5521EB40AA0037B8BD = {
						CreatedOnToolsVersion = 10.1;
						TestTargetID = 74FF4A4121EB40A80037B8BD;
					};
				};
			};
			buildConfigurationList = 74FF4A3D21EB40A80037B8BD /* Build configuration list for PBXProject "ProtocolComposition" */;
			compatibilityVersion = "Xcode 9.3";
			developmentRegion = en;
			hasScannedForEncodings = 0;
			knownRegions = (
				en,
				Base,
			);
			mainGroup = 74FF4A3921EB40A80037B8BD;
			productRefGroup = 74FF4A4321EB40A80037B8BD /* Products */;
			projectDirPath = "";
			projectRoot = "";
			targets = (
				74FF4A4121EB40A80037B8BD /* ProtocolComposition */,
				74FF4A5521EB40AA0037B8BD /* ProtocolCompositionTests */,
			);
		};
/* End PBXProject section */

/* Begin PBXResourcesBuildPhase section */
		74FF4A4021EB40A80037B8BD /* Resources */ = {
			isa = PBXResourcesBuildPhase;
			buildActionMask = 2147483647;
			files = (
				74FF4A5021EB40AA0037B8BD /* LaunchScreen.storyboard in Resources */,
				74FF4A4D21EB40AA0037B8BD /* Assets.xcassets in Resources */,
				74FF4A4B21EB40A80037B8BD /* Main.storyboard in Resources */,
			);
			runOnlyForDeploymentPostprocessing = 0;
		};
		74FF4A5421EB40AA0037B8BD /* Resources */ = {
			isa = PBXResourcesBuildPhase;
			buildActionMask = 2147483647;
			files = (
			);
			runOnlyForDeploymentPostprocessing = 0;
		};
/* End PBXResourcesBuildPhase section */

/* Begin PBXSourcesBuildPhase section */
		74FF4A3E21EB40A80037B8BD /* Sources */ = {
			isa = PBXSourcesBuildPhase;
			buildActionMask = 2147483647;
			files = (
				74FF4A4821EB40A80037B8BD /* ViewController.swift in Sources */,
				74FF4A4621EB40A80037B8BD /* AppDelegate.swift in Sources */,
			);
			runOnlyForDeploymentPostprocessing = 0;
		};
		74FF4A5221EB40AA0037B8BD /* Sources */ = {
			isa = PBXSourcesBuildPhase;
			buildActionMask = 2147483647;
			files = (
				74FF4A5B21EB40AA0037B8BD /* ProtocolCompositionTests.swift in Sources */,
			);
			runOnlyForDeploymentPostprocessing = 0;
		};
/* End PBXSourcesBuildPhase section */

/* Begin PBXTargetDependency section */
		74FF4A5821EB40AA0037B8BD /* PBXTargetDependency */ = {
			isa = PBXTargetDependency;
			target = 74FF4A4121EB40A80037B8BD /* ProtocolComposition */;
			targetProxy = 74FF4A5721EB40AA0037B8BD /* PBXContainerItemProxy */;
		};
/* End PBXTargetDependency section */

/* Begin PBXVariantGroup section */
		74FF4A4921EB40A80037B8BD /* Main.storyboard */ = {
			isa = PBXVariantGroup;
			children = (
				74FF4A4A21EB40A80037B8BD /* Base */,
			);
			name = Main.storyboard;
			sourceTree = "<group>";
		};
		74FF4A4E21EB40AA0037B8BD /* LaunchScreen.storyboard */ = {
			isa = PBXVariantGroup;
			children = (
				74FF4A4F21EB40AA0037B8BD /* Base */,
			);
			name = LaunchScreen.storyboard;
			sourceTree = "<group>";
		};
/* End PBXVariantGroup section */

/* Begin XCBuildConfiguration section */
		74FF4A5D21EB40AA0037B8BD /* Debug */ = {
			isa = XCBuildConfiguration;
			buildSettings = {
				ALWAYS_SEARCH_USER_PATHS = NO;
				CLANG_ANALYZER_NONNULL = YES;
				CLANG_ANALYZER_NUMBER_OBJECT_CONVERSION = YES_AGGRESSIVE;
				CLANG_CXX_LANGUAGE_STANDARD = "gnu++14";
				CLANG_CXX_LIBRARY = "libc++";
				CLANG_ENABLE_MODULES = YES;
				CLANG_ENABLE_OBJC_ARC = YES;
				CLANG_ENABLE_OBJC_WEAK = YES;
				CLANG_WARN_BLOCK_CAPTURE_AUTORELEASING = YES;
				CLANG_WARN_BOOL_CONVERSION = YES;
				CLANG_WARN_COMMA = YES;
				CLANG_WARN_CONSTANT_CONVERSION = YES;
				CLANG_WARN_DEPRECATED_OBJC_IMPLEMENTATIONS = YES;
				CLANG_WARN_DIRECT_OBJC_ISA_USAGE = YES_ERROR;
				CLANG_WARN_DOCUMENTATION_COMMENTS = YES;
				CLANG_WARN_EMPTY_BODY = YES;
				CLANG_WARN_ENUM_CONVERSION = YES;
				CLANG_WARN_INFINITE_RECURSION = YES;
				CLANG_WARN_INT_CONVERSION = YES;
				CLANG_WARN_NON_LITERAL_NULL_CONVERSION = YES;
				CLANG_WARN_OBJC_IMPLICIT_RETAIN_SELF = YES;
				CLANG_WARN_OBJC_LITERAL_CONVERSION = YES;
				CLANG_WARN_OBJC_ROOT_CLASS = YES_ERROR;
				CLANG_WARN_RANGE_LOOP_ANALYSIS = YES;
				CLANG_WARN_STRICT_PROTOTYPES = YES;
				CLANG_WARN_SUSPICIOUS_MOVE = YES;
				CLANG_WARN_UNGUARDED_AVAILABILITY = YES_AGGRESSIVE;
				CLANG_WARN_UNREACHABLE_CODE = YES;
				CLANG_WARN__DUPLICATE_METHOD_MATCH = YES;
				CODE_SIGN_IDENTITY = "iPhone Developer";
				COPY_PHASE_STRIP = NO;
				DEBUG_INFORMATION_FORMAT = dwarf;
				ENABLE_STRICT_OBJC_MSGSEND = YES;
				ENABLE_TESTABILITY = YES;
				GCC_C_LANGUAGE_STANDARD = gnu11;
				GCC_DYNAMIC_NO_PIC = NO;
				GCC_NO_COMMON_BLOCKS = YES;
				GCC_OPTIMIZATION_LEVEL = 0;
				GCC_PREPROCESSOR_DEFINITIONS = (
					"DEBUG=1",
					"$(inherited)",
				);
				GCC_WARN_64_TO_32_BIT_CONVERSION = YES;
				GCC_WARN_ABOUT_RETURN_TYPE = YES_ERROR;
				GCC_WARN_UNDECLARED_SELECTOR = YES;
				GCC_WARN_UNINITIALIZED_AUTOS = YES_AGGRESSIVE;
				GCC_WARN_UNUSED_FUNCTION = YES;
				GCC_WARN_UNUSED_VARIABLE = YES;
				IPHONEOS_DEPLOYMENT_TARGET = 12.1;
				MTL_ENABLE_DEBUG_INFO = INCLUDE_SOURCE;
				MTL_FAST_MATH = YES;
				ONLY_ACTIVE_ARCH = YES;
				SDKROOT = iphoneos;
				SWIFT_ACTIVE_COMPILATION_CONDITIONS = DEBUG;
				SWIFT_OPTIMIZATION_LEVEL = "-Onone";
			};
			name = Debug;
		};
		74FF4A5E21EB40AA0037B8BD /* Release */ = {
			isa = XCBuildConfiguration;
			buildSettings = {
				ALWAYS_SEARCH_USER_PATHS = NO;
				CLANG_ANALYZER_NONNULL = YES;
				CLANG_ANALYZER_NUMBER_OBJECT_CONVERSION = YES_AGGRESSIVE;
				CLANG_CXX_LANGUAGE_STANDARD = "gnu++14";
				CLANG_CXX_LIBRARY = "libc++";
				CLANG_ENABLE_MODULES = YES;
				CLANG_ENABLE_OBJC_ARC = YES;
				CLANG_ENABLE_OBJC_WEAK = YES;
				CLANG_WARN_BLOCK_CAPTURE_AUTORELEASING = YES;
				CLANG_WARN_BOOL_CONVERSION = YES;
				CLANG_WARN_COMMA = YES;
				CLANG_WARN_CONSTANT_CONVERSION = YES;
				CLANG_WARN_DEPRECATED_OBJC_IMPLEMENTATIONS = YES;
				CLANG_WARN_DIRECT_OBJC_ISA_USAGE = YES_ERROR;
				CLANG_WARN_DOCUMENTATION_COMMENTS = YES;
				CLANG_WARN_EMPTY_BODY = YES;
				CLANG_WARN_ENUM_CONVERSION = YES;
				CLANG_WARN_INFINITE_RECURSION = YES;
				CLANG_WARN_INT_CONVERSION = YES;
				CLANG_WARN_NON_LITERAL_NULL_CONVERSION = YES;
				CLANG_WARN_OBJC_IMPLICIT_RETAIN_SELF = YES;
				CLANG_WARN_OBJC_LITERAL_CONVERSION = YES;
				CLANG_WARN_OBJC_ROOT_CLASS = YES_ERROR;
				CLANG_WARN_RANGE_LOOP_ANALYSIS = YES;
				CLANG_WARN_STRICT_PROTOTYPES = YES;
				CLANG_WARN_SUSPICIOUS_MOVE = YES;
				CLANG_WARN_UNGUARDED_AVAILABILITY = YES_AGGRESSIVE;
				CLANG_WARN_UNREACHABLE_CODE = YES;
				CLANG_WARN__DUPLICATE_METHOD_MATCH = YES;
				CODE_SIGN_IDENTITY = "iPhone Developer";
				COPY_PHASE_STRIP = NO;
				DEBUG_INFORMATION_FORMAT = "dwarf-with-dsym";
				ENABLE_NS_ASSERTIONS = NO;
				ENABLE_STRICT_OBJC_MSGSEND = YES;
				GCC_C_LANGUAGE_STANDARD = gnu11;
				GCC_NO_COMMON_BLOCKS = YES;
				GCC_WARN_64_TO_32_BIT_CONVERSION = YES;
				GCC_WARN_ABOUT_RETURN_TYPE = YES_ERROR;
				GCC_WARN_UNDECLARED_SELECTOR = YES;
				GCC_WARN_UNINITIALIZED_AUTOS = YES_AGGRESSIVE;
				GCC_WARN_UNUSED_FUNCTION = YES;
				GCC_WARN_UNUSED_VARIABLE = YES;
				IPHONEOS_DEPLOYMENT_TARGET = 12.1;
				MTL_ENABLE_DEBUG_INFO = NO;
				MTL_FAST_MATH = YES;
				SDKROOT = iphoneos;
				SWIFT_COMPILATION_MODE = wholemodule;
				SWIFT_OPTIMIZATION_LEVEL = "-O";
				VALIDATE_PRODUCT = YES;
			};
			name = Release;
		};
		74FF4A6021EB40AA0037B8BD /* Debug */ = {
			isa = XCBuildConfiguration;
			buildSettings = {
				ASSETCATALOG_COMPILER_APPICON_NAME = AppIcon;
				CODE_SIGN_STYLE = Automatic;
				DEVELOPMENT_TEAM = K442TLVK77;
				INFOPLIST_FILE = ProtocolComposition/Info.plist;
				LD_RUNPATH_SEARCH_PATHS = (
					"$(inherited)",
					"@executable_path/Frameworks",
				);
				PRODUCT_BUNDLE_IDENTIFIER = nukleusSoft.ProtocolComposition;
				PRODUCT_NAME = "$(TARGET_NAME)";
				SWIFT_VERSION = 4.2;
				TARGETED_DEVICE_FAMILY = "1,2";
			};
			name = Debug;
		};
		74FF4A6121EB40AA0037B8BD /* Release */ = {
			isa = XCBuildConfiguration;
			buildSettings = {
				ASSETCATALOG_COMPILER_APPICON_NAME = AppIcon;
				CODE_SIGN_STYLE = Automatic;
				DEVELOPMENT_TEAM = K442TLVK77;
				INFOPLIST_FILE = ProtocolComposition/Info.plist;
				LD_RUNPATH_SEARCH_PATHS = (
					"$(inherited)",
					"@executable_path/Frameworks",
				);
				PRODUCT_BUNDLE_IDENTIFIER = nukleusSoft.ProtocolComposition;
				PRODUCT_NAME = "$(TARGET_NAME)";
				SWIFT_VERSION = 4.2;
				TARGETED_DEVICE_FAMILY = "1,2";
			};
			name = Release;
		};
		74FF4A6321EB40AA0037B8BD /* Debug */ = {
			isa = XCBuildConfiguration;
			buildSettings = {
				ALWAYS_EMBED_SWIFT_STANDARD_LIBRARIES = YES;
				BUNDLE_LOADER = "$(TEST_HOST)";
				CODE_SIGN_STYLE = Automatic;
				DEVELOPMENT_TEAM = K442TLVK77;
				INFOPLIST_FILE = ProtocolCompositionTests/Info.plist;
				LD_RUNPATH_SEARCH_PATHS = (
					"$(inherited)",
					"@executable_path/Frameworks",
					"@loader_path/Frameworks",
				);
				PRODUCT_BUNDLE_IDENTIFIER = nukleusSoft.ProtocolCompositionTests;
				PRODUCT_NAME = "$(TARGET_NAME)";
				SWIFT_VERSION = 4.2;
				TARGETED_DEVICE_FAMILY = "1,2";
				TEST_HOST = "$(BUILT_PRODUCTS_DIR)/ProtocolComposition.app/ProtocolComposition";
			};
			name = Debug;
		};
		74FF4A6421EB40AA0037B8BD /* Release */ = {
			isa = XCBuildConfiguration;
			buildSettings = {
				ALWAYS_EMBED_SWIFT_STANDARD_LIBRARIES = YES;
				BUNDLE_LOADER = "$(TEST_HOST)";
				CODE_SIGN_STYLE = Automatic;
				DEVELOPMENT_TEAM = K442TLVK77;
				INFOPLIST_FILE = ProtocolCompositionTests/Info.plist;
				LD_RUNPATH_SEARCH_PATHS = (
					"$(inherited)",
					"@executable_path/Frameworks",
					"@loader_path/Frameworks",
				);
				PRODUCT_BUNDLE_IDENTIFIER = nukleusSoft.ProtocolCompositionTests;
				PRODUCT_NAME = "$(TARGET_NAME)";
				SWIFT_VERSION = 4.2;
				TARGETED_DEVICE_FAMILY = "1,2";
				TEST_HOST = "$(BUILT_PRODUCTS_DIR)/ProtocolComposition.app/ProtocolComposition";
			};
			name = Release;
		};
/* End XCBuildConfiguration section */

/* Begin XCConfigurationList section */
		74FF4A3D21EB40A80037B8BD /* Build configuration list for PBXProject "ProtocolComposition" */ = {
			isa = XCConfigurationList;
			buildConfigurations = (
				74FF4A5D21EB40AA0037B8BD /* Debug */,
				74FF4A5E21EB40AA0037B8BD /* Release */,
			);
			defaultConfigurationIsVisible = 0;
			defaultConfigurationName = Release;
		};
		74FF4A5F21EB40AA0037B8BD /* Build configuration list for PBXNativeTarget "ProtocolComposition" */ = {
			isa = XCConfigurationList;
			buildConfigurations = (
				74FF4A6021EB40AA0037B8BD /* Debug */,
				74FF4A6121EB40AA0037B8BD /* Release */,
			);
			defaultConfigurationIsVisible = 0;
			defaultConfigurationName = Release;
		};
		74FF4A6221EB40AA0037B8BD /* Build configuration list for PBXNativeTarget "ProtocolCompositionTests" */ = {
			isa = XCConfigurationList;
			buildConfigurations = (
				74FF4A6321EB40AA0037B8BD /* Debug */,
				74FF4A6421EB40AA0037B8BD /* Release */,
			);
			defaultConfigurationIsVisible = 0;
			defaultConfigurationName = Release;
		};
/* End XCConfigurationList section */
	};
	rootObject = 74FF4A3A21EB40A80037B8BD /* Project object */;
}
